
Microsoft Visual Studio Solution File, Format Version 12.00
# Visual Studio Version 16
VisualStudioVersion = 16.0.31624.102
MinimumVisualStudioVersion = 10.0.40219.1
Project("{FAE04EC0-301F-11D3-BF4B-00C04F79EFBC}") = "Macska", "Macska\Macska.csproj", "{391F1C27-AB6A-448B-B89B-5B68F731B8DB}"
EndProject
Project("{FAE04EC0-301F-11D3-BF4B-00C04F79EFBC}") = "KarakterKodolo", "KarakterKodolo\KarakterKodolo.csproj", "{1FFCD608-115C-4407-8FCC-2A9D99FE38C8}"
EndProject
Project("{FAE04EC0-301F-11D3-BF4B-00C04F79EFBC}") = "Tehenek", "Tehenek\Tehenek.csproj", "{F5E451E4-3B10-4E39-8E16-8249F8F2B024}"
EndProject
Global
	GlobalSection(SolutionConfigurationPlatforms) = preSolution
		Debug|Any CPU = Debug|Any CPU
		Release|Any CPU = Release|Any CPU
	EndGlobalSection
	GlobalSection(ProjectConfigurationPlatforms) = postSolution
		{391F1C27-AB6A-448B-B89B-5B68F731B8DB}.Debug|Any CPU.ActiveCfg = Debug|Any CPU
		{391F1C27-AB6A-448B-B89B-5B68F731B8DB}.Debug|Any CPU.Build.0 = Debug|Any CPU
		{391F1C27-AB6A-448B-B89B-5B68F731B8DB}.Release|Any CPU.ActiveCfg = Release|Any CPU
		{391F1C27-AB6A-448B-B89B-5B68F731B8DB}.Release|Any CPU.Build.0 = Release|Any CPU
		{1FFCD608-115C-4407-8FCC-2A9D99FE38C8}.Debug|Any CPU.ActiveCfg = Debug|Any CPU
		{1FFCD608-115C-4407-8FCC-2A9D99FE38C8}.Debug|Any CPU.Build.0 = Debug|Any CPU
		{1FFCD608-115C-4407-8FCC-2A9D99FE38C8}.Release|Any CPU.ActiveCfg = Release|Any CPU
		{1FFCD608-115C-4407-8FCC-2A9D99FE38C8}.Release|Any CPU.Build.0 = Release|Any CPU
		{F5E451E4-3B10-4E39-8E16-8249F8F2B024}.Debug|Any CPU.ActiveCfg = Debug|Any CPU
		{F5E451E4-3B10-4E39-8E16-8249F8F2B024}.Debug|Any CPU.Build.0 = Debug|Any CPU
		{F5E451E4-3B10-4E39-8E16-8249F8F2B024}.Release|Any CPU.ActiveCfg = Release|Any CPU
		{F5E451E4-3B10-4E39-8E16-8249F8F2B024}.Release|Any CPU.Build.0 = Release|Any CPU
	EndGlobalSection
	GlobalSection(SolutionProperties) = preSolution
		HideSolutionNode = FALSE
	EndGlobalSection
	GlobalSection(ExtensibilityGlobals) = postSolution
		SolutionGuid = {8623F855-9CDB-43C1-A8E0-F4EDF13BD3B4}
	EndGlobalSection
EndGlobal
